
Microsoft Visual Studio Solution File, Format Version 12.00
# Visual Studio Version 16
VisualStudioVersion = 16.0.30503.244
MinimumVisualStudioVersion = 10.0.40219.1
Project("{FAE04EC0-301F-11D3-BF4B-00C04F79EFBC}") = "Expendedora", "Expendedora\Expendedora.csproj", "{C20CAAE8-57C0-4893-97DE-FC529EF84FEB}"
EndProject
Project("{FAE04EC0-301F-11D3-BF4B-00C04F79EFBC}") = "Expendedora.Entidades", "Expendedora.Entidades\Expendedora.Entidades.csproj", "{64F6983C-A751-4C24-A21E-7081A60C13C8}"
EndProject
Global
	GlobalSection(SolutionConfigurationPlatforms) = preSolution
		Debug|Any CPU = Debug|Any CPU
		Release|Any CPU = Release|Any CPU
	EndGlobalSection
	GlobalSection(ProjectConfigurationPlatforms) = postSolution
		{C20CAAE8-57C0-4893-97DE-FC529EF84FEB}.Debug|Any CPU.ActiveCfg = Debug|Any CPU
		{C20CAAE8-57C0-4893-97DE-FC529EF84FEB}.Debug|Any CPU.Build.0 = Debug|Any CPU
		{C20CAAE8-57C0-4893-97DE-FC529EF84FEB}.Release|Any CPU.ActiveCfg = Release|Any CPU
		{C20CAAE8-57C0-4893-97DE-FC529EF84FEB}.Release|Any CPU.Build.0 = Release|Any CPU
		{64F6983C-A751-4C24-A21E-7081A60C13C8}.Debug|Any CPU.ActiveCfg = Debug|Any CPU
		{64F6983C-A751-4C24-A21E-7081A60C13C8}.Debug|Any CPU.Build.0 = Debug|Any CPU
		{64F6983C-A751-4C24-A21E-7081A60C13C8}.Release|Any CPU.ActiveCfg = Release|Any CPU
		{64F6983C-A751-4C24-A21E-7081A60C13C8}.Release|Any CPU.Build.0 = Release|Any CPU
	EndGlobalSection
	GlobalSection(SolutionProperties) = preSolution
		HideSolutionNode = FALSE
	EndGlobalSection
	GlobalSection(ExtensibilityGlobals) = postSolution
		SolutionGuid = {91992DA8-ABC8-4822-8045-19D7D64C0475}
	EndGlobalSection
EndGlobal
